
Microsoft Visual Studio Solution File, Format Version 12.00
# Visual Studio 14
VisualStudioVersion = 14.0.25420.1
MinimumVisualStudioVersion = 10.0.40219.1
Project("{FAE04EC0-301F-11D3-BF4B-00C04F79EFBC}") = "SmallAI", "SmallAI\SmallAI.csproj", "{43062E94-D236-4A9F-89A6-63DAE3E48108}"
EndProject
Project("{FAE04EC0-301F-11D3-BF4B-00C04F79EFBC}") = "NeuralNets", "NeuralNets\NeuralNets.csproj", "{80C65455-80F5-4A2B-BB7B-B73C26356987}"
EndProject
Project("{FAE04EC0-301F-11D3-BF4B-00C04F79EFBC}") = "Tests", "Tests\Tests.csproj", "{18BA54BD-31DF-4EFF-9384-0A46FBD5BAD1}"
EndProject
Project("{FAE04EC0-301F-11D3-BF4B-00C04F79EFBC}") = "Genetic", "Genetic\Genetic.csproj", "{3431FDE1-1616-4C3F-8773-806510077DA5}"
EndProject
Global
	GlobalSection(SolutionConfigurationPlatforms) = preSolution
		Debug|Any CPU = Debug|Any CPU
		Release|Any CPU = Release|Any CPU
	EndGlobalSection
	GlobalSection(ProjectConfigurationPlatforms) = postSolution
		{43062E94-D236-4A9F-89A6-63DAE3E48108}.Debug|Any CPU.ActiveCfg = Debug|Any CPU
		{43062E94-D236-4A9F-89A6-63DAE3E48108}.Debug|Any CPU.Build.0 = Debug|Any CPU
		{43062E94-D236-4A9F-89A6-63DAE3E48108}.Release|Any CPU.ActiveCfg = Release|Any CPU
		{43062E94-D236-4A9F-89A6-63DAE3E48108}.Release|Any CPU.Build.0 = Release|Any CPU
		{80C65455-80F5-4A2B-BB7B-B73C26356987}.Debug|Any CPU.ActiveCfg = Debug|Any CPU
		{80C65455-80F5-4A2B-BB7B-B73C26356987}.Debug|Any CPU.Build.0 = Debug|Any CPU
		{80C65455-80F5-4A2B-BB7B-B73C26356987}.Release|Any CPU.ActiveCfg = Release|Any CPU
		{80C65455-80F5-4A2B-BB7B-B73C26356987}.Release|Any CPU.Build.0 = Release|Any CPU
		{18BA54BD-31DF-4EFF-9384-0A46FBD5BAD1}.Debug|Any CPU.ActiveCfg = Debug|Any CPU
		{18BA54BD-31DF-4EFF-9384-0A46FBD5BAD1}.Debug|Any CPU.Build.0 = Debug|Any CPU
		{18BA54BD-31DF-4EFF-9384-0A46FBD5BAD1}.Release|Any CPU.ActiveCfg = Release|Any CPU
		{18BA54BD-31DF-4EFF-9384-0A46FBD5BAD1}.Release|Any CPU.Build.0 = Release|Any CPU
		{3431FDE1-1616-4C3F-8773-806510077DA5}.Debug|Any CPU.ActiveCfg = Debug|Any CPU
		{3431FDE1-1616-4C3F-8773-806510077DA5}.Debug|Any CPU.Build.0 = Debug|Any CPU
		{3431FDE1-1616-4C3F-8773-806510077DA5}.Release|Any CPU.ActiveCfg = Release|Any CPU
		{3431FDE1-1616-4C3F-8773-806510077DA5}.Release|Any CPU.Build.0 = Release|Any CPU
	EndGlobalSection
	GlobalSection(SolutionProperties) = preSolution
		HideSolutionNode = FALSE
	EndGlobalSection
EndGlobal
